// !$*UTF8*$!
{
	archiveVersion = 1;
	classes = {
	};
	objectVersion = 56;
	objects = {

/* Begin PBXBuildFile section */
		B0249DC229A4F8F8000E5AD3 /* ARKit_AppApp.swift in Sources */ = {isa = PBXBuildFile; fileRef = B0249DC129A4F8F8000E5AD3 /* ARKit_AppApp.swift */; };
		B0249DC429A4F8F8000E5AD3 /* ContentView.swift in Sources */ = {isa = PBXBuildFile; fileRef = B0249DC329A4F8F8000E5AD3 /* ContentView.swift */; };
		B0249DC629A4F8FC000E5AD3 /* Assets.xcassets in Resources */ = {isa = PBXBuildFile; fileRef = B0249DC529A4F8FC000E5AD3 /* Assets.xcassets */; };
		B0249DC929A4F8FC000E5AD3 /* Preview Assets.xcassets in Resources */ = {isa = PBXBuildFile; fileRef = B0249DC829A4F8FC000E5AD3 /* Preview Assets.xcassets */; };
		B0249DD029A4F99C000E5AD3 /* CustomARView.swift in Sources */ = {isa = PBXBuildFile; fileRef = B0249DCF29A4F99C000E5AD3 /* CustomARView.swift */; };
		B0249DD229A4FA1F000E5AD3 /* CustomARViewRepresentable.swift in Sources */ = {isa = PBXBuildFile; fileRef = B0249DD129A4FA1F000E5AD3 /* CustomARViewRepresentable.swift */; };
		B0249DD429A4FCA6000E5AD3 /* ARAction.swift in Sources */ = {isa = PBXBuildFile; fileRef = B0249DD329A4FCA6000E5AD3 /* ARAction.swift */; };
		B0249DD629A4FD18000E5AD3 /* ARManager.swift in Sources */ = {isa = PBXBuildFile; fileRef = B0249DD529A4FD18000E5AD3 /* ARManager.swift */; };
/* End PBXBuildFile section */

/* Begin PBXFileReference section */
		B0249DBE29A4F8F8000E5AD3 /* ARKit-App.app */ = {isa = PBXFileReference; explicitFileType = wrapper.application; includeInIndex = 0; path = "ARKit-App.app"; sourceTree = BUILT_PRODUCTS_DIR; };
		B0249DC129A4F8F8000E5AD3 /* ARKit_AppApp.swift */ = {isa = PBXFileReference; lastKnownFileType = sourcecode.swift; path = ARKit_AppApp.swift; sourceTree = "<group>"; };
		B0249DC329A4F8F8000E5AD3 /* ContentView.swift */ = {isa = PBXFileReference; lastKnownFileType = sourcecode.swift; path = ContentView.swift; sourceTree = "<group>"; };
		B0249DC529A4F8FC000E5AD3 /* Assets.xcassets */ = {isa = PBXFileReference; lastKnownFileType = folder.assetcatalog; path = Assets.xcassets; sourceTree = "<group>"; };
		B0249DC829A4F8FC000E5AD3 /* Preview Assets.xcassets */ = {isa = PBXFileReference; lastKnownFileType = folder.assetcatalog; path = "Preview Assets.xcassets"; sourceTree = "<group>"; };
		B0249DCF29A4F99C000E5AD3 /* CustomARView.swift */ = {isa = PBXFileReference; lastKnownFileType = sourcecode.swift; path = CustomARView.swift; sourceTree = "<group>"; };
		B0249DD129A4FA1F000E5AD3 /* CustomARViewRepresentable.swift */ = {isa = PBXFileReference; lastKnownFileType = sourcecode.swift; path = CustomARViewRepresentable.swift; sourceTree = "<group>"; };
		B0249DD329A4FCA6000E5AD3 /* ARAction.swift */ = {isa = PBXFileReference; lastKnownFileType = sourcecode.swift; path = ARAction.swift; sourceTree = "<group>"; };
		B0249DD529A4FD18000E5AD3 /* ARManager.swift */ = {isa = PBXFileReference; lastKnownFileType = sourcecode.swift; path = ARManager.swift; sourceTree = "<group>"; };
/* End PBXFileReference section */

/* Begin PBXFrameworksBuildPhase section */
		B0249DBB29A4F8F8000E5AD3 /* Frameworks */ = {
			isa = PBXFrameworksBuildPhase;
			buildActionMask = 2147483647;
			files = (
			);
			runOnlyForDeploymentPostprocessing = 0;
		};
/* End PBXFrameworksBuildPhase section */

/* Begin PBXGroup section */
		B0249DB529A4F8F8000E5AD3 = {
			isa = PBXGroup;
			children = (
				B0249DC029A4F8F8000E5AD3 /* ARKit-App */,
				B0249DBF29A4F8F8000E5AD3 /* Products */,
			);
			sourceTree = "<group>";
		};
		B0249DBF29A4F8F8000E5AD3 /* Products */ = {
			isa = PBXGroup;
			children = (
				B0249DBE29A4F8F8000E5AD3 /* ARKit-App.app */,
			);
			name = Products;
			sourceTree = "<group>";
		};
		B0249DC029A4F8F8000E5AD3 /* ARKit-App */ = {
			isa = PBXGroup;
			children = (
				B0249DD529A4FD18000E5AD3 /* ARManager.swift */,
				B0249DD329A4FCA6000E5AD3 /* ARAction.swift */,
				B0249DD129A4FA1F000E5AD3 /* CustomARViewRepresentable.swift */,
				B0249DCF29A4F99C000E5AD3 /* CustomARView.swift */,
				B0249DC129A4F8F8000E5AD3 /* ARKit_AppApp.swift */,
				B0249DC329A4F8F8000E5AD3 /* ContentView.swift */,
				B0249DC529A4F8FC000E5AD3 /* Assets.xcassets */,
				B0249DC729A4F8FC000E5AD3 /* Preview Content */,
			);
			path = "ARKit-App";
			sourceTree = "<group>";
		};
		B0249DC729A4F8FC000E5AD3 /* Preview Content */ = {
			isa = PBXGroup;
			children = (
				B0249DC829A4F8FC000E5AD3 /* Preview Assets.xcassets */,
			);
			path = "Preview Content";
			sourceTree = "<group>";
		};
/* End PBXGroup section */

/* Begin PBXNativeTarget section */
		B0249DBD29A4F8F8000E5AD3 /* ARKit-App */ = {
			isa = PBXNativeTarget;
			buildConfigurationList = B0249DCC29A4F8FC000E5AD3 /* Build configuration list for PBXNativeTarget "ARKit-App" */;
			buildPhases = (
				B0249DBA29A4F8F8000E5AD3 /* Sources */,
				B0249DBB29A4F8F8000E5AD3 /* Frameworks */,
				B0249DBC29A4F8F8000E5AD3 /* Resources */,
			);
			buildRules = (
			);
			dependencies = (
			);
			name = "ARKit-App";
			productName = "ARKit-App";
			productReference = B0249DBE29A4F8F8000E5AD3 /* ARKit-App.app */;
			productType = "com.apple.product-type.application";
		};
/* End PBXNativeTarget section */

/* Begin PBXProject section */
		B0249DB629A4F8F8000E5AD3 /* Project object */ = {
			isa = PBXProject;
			attributes = {
				BuildIndependentTargetsInParallel = 1;
				LastSwiftUpdateCheck = 1420;
				LastUpgradeCheck = 1420;
				TargetAttributes = {
					B0249DBD29A4F8F8000E5AD3 = {
						CreatedOnToolsVersion = 14.2;
					};
				};
			};
			buildConfigurationList = B0249DB929A4F8F8000E5AD3 /* Build configuration list for PBXProject "ARKit-App" */;
			compatibilityVersion = "Xcode 14.0";
			developmentRegion = en;
			hasScannedForEncodings = 0;
			knownRegions = (
				en,
				Base,
			);
			mainGroup = B0249DB529A4F8F8000E5AD3;
			productRefGroup = B0249DBF29A4F8F8000E5AD3 /* Products */;
			projectDirPath = "";
			projectRoot = "";
			targets = (
				B0249DBD29A4F8F8000E5AD3 /* ARKit-App */,
			);
		};
/* End PBXProject section */

/* Begin PBXResourcesBuildPhase section */
		B0249DBC29A4F8F8000E5AD3 /* Resources */ = {
			isa = PBXResourcesBuildPhase;
			buildActionMask = 2147483647;
			files = (
				B0249DC929A4F8FC000E5AD3 /* Preview Assets.xcassets in Resources */,
				B0249DC629A4F8FC000E5AD3 /* Assets.xcassets in Resources */,
			);
			runOnlyForDeploymentPostprocessing = 0;
		};
/* End PBXResourcesBuildPhase section */

/* Begin PBXSourcesBuildPhase section */
		B0249DBA29A4F8F8000E5AD3 /* Sources */ = {
			isa = PBXSourcesBuildPhase;
			buildActionMask = 2147483647;
			files = (
				B0249DC429A4F8F8000E5AD3 /* ContentView.swift in Sources */,
				B0249DD429A4FCA6000E5AD3 /* ARAction.swift in Sources */,
				B0249DD029A4F99C000E5AD3 /* CustomARView.swift in Sources */,
				B0249DC229A4F8F8000E5AD3 /* ARKit_AppApp.swift in Sources */,
				B0249DD629A4FD18000E5AD3 /* ARManager.swift in Sources */,
				B0249DD229A4FA1F000E5AD3 /* CustomARViewRepresentable.swift in Sources */,
			);
			runOnlyForDeploymentPostprocessing = 0;
		};
/* End PBXSourcesBuildPhase section */

/* Begin XCBuildConfiguration section */
		B0249DCA29A4F8FC000E5AD3 /* Debug */ = {
			isa = XCBuildConfiguration;
			buildSettings = {
				ALWAYS_SEARCH_USER_PATHS = NO;
				CLANG_ANALYZER_NONNULL = YES;
				CLANG_ANALYZER_NUMBER_OBJECT_CONVERSION = YES_AGGRESSIVE;
				CLANG_CXX_LANGUAGE_STANDARD = "gnu++20";
				CLANG_ENABLE_MODULES = YES;
				CLANG_ENABLE_OBJC_ARC = YES;
				CLANG_ENABLE_OBJC_WEAK = YES;
				CLANG_WARN_BLOCK_CAPTURE_AUTORELEASING = YES;
				CLANG_WARN_BOOL_CONVERSION = YES;
				CLANG_WARN_COMMA = YES;
				CLANG_WARN_CONSTANT_CONVERSION = YES;
				CLANG_WARN_DEPRECATED_OBJC_IMPLEMENTATIONS = YES;
				CLANG_WARN_DIRECT_OBJC_ISA_USAGE = YES_ERROR;
				CLANG_WARN_DOCUMENTATION_COMMENTS = YES;
				CLANG_WARN_EMPTY_BODY = YES;
				CLANG_WARN_ENUM_CONVERSION = YES;
				CLANG_WARN_INFINITE_RECURSION = YES;
				CLANG_WARN_INT_CONVERSION = YES;
				CLANG_WARN_NON_LITERAL_NULL_CONVERSION = YES;
				CLANG_WARN_OBJC_IMPLICIT_RETAIN_SELF = YES;
				CLANG_WARN_OBJC_LITERAL_CONVERSION = YES;
				CLANG_WARN_OBJC_ROOT_CLASS = YES_ERROR;
				CLANG_WARN_QUOTED_INCLUDE_IN_FRAMEWORK_HEADER = YES;
				CLANG_WARN_RANGE_LOOP_ANALYSIS = YES;
				CLANG_WARN_STRICT_PROTOTYPES = YES;
				CLANG_WARN_SUSPICIOUS_MOVE = YES;
				CLANG_WARN_UNGUARDED_AVAILABILITY = YES_AGGRESSIVE;
				CLANG_WARN_UNREACHABLE_CODE = YES;
				CLANG_WARN__DUPLICATE_METHOD_MATCH = YES;
				COPY_PHASE_STRIP = NO;
				DEBUG_INFORMATION_FORMAT = dwarf;
				ENABLE_STRICT_OBJC_MSGSEND = YES;
				ENABLE_TESTABILITY = YES;
				GCC_C_LANGUAGE_STANDARD = gnu11;
				GCC_DYNAMIC_NO_PIC = NO;
				GCC_NO_COMMON_BLOCKS = YES;
				GCC_OPTIMIZATION_LEVEL = 0;
				GCC_PREPROCESSOR_DEFINITIONS = (
					"DEBUG=1",
					"$(inherited)",
				);
				GCC_WARN_64_TO_32_BIT_CONVERSION = YES;
				GCC_WARN_ABOUT_RETURN_TYPE = YES_ERROR;
				GCC_WARN_UNDECLARED_SELECTOR = YES;
				GCC_WARN_UNINITIALIZED_AUTOS = YES_AGGRESSIVE;
				GCC_WARN_UNUSED_FUNCTION = YES;
				GCC_WARN_UNUSED_VARIABLE = YES;
				IPHONEOS_DEPLOYMENT_TARGET = 16.2;
				MTL_ENABLE_DEBUG_INFO = INCLUDE_SOURCE;
				MTL_FAST_MATH = YES;
				ONLY_ACTIVE_ARCH = YES;
				SDKROOT = iphoneos;
				SWIFT_ACTIVE_COMPILATION_CONDITIONS = DEBUG;
				SWIFT_OPTIMIZATION_LEVEL = "-Onone";
			};
			name = Debug;
		};
		B0249DCB29A4F8FC000E5AD3 /* Release */ = {
			isa = XCBuildConfiguration;
			buildSettings = {
				ALWAYS_SEARCH_USER_PATHS = NO;
				CLANG_ANALYZER_NONNULL = YES;
				CLANG_ANALYZER_NUMBER_OBJECT_CONVERSION = YES_AGGRESSIVE;
				CLANG_CXX_LANGUAGE_STANDARD = "gnu++20";
				CLANG_ENABLE_MODULES = YES;
				CLANG_ENABLE_OBJC_ARC = YES;
				CLANG_ENABLE_OBJC_WEAK = YES;
				CLANG_WARN_BLOCK_CAPTURE_AUTORELEASING = YES;
				CLANG_WARN_BOOL_CONVERSION = YES;
				CLANG_WARN_COMMA = YES;
				CLANG_WARN_CONSTANT_CONVERSION = YES;
				CLANG_WARN_DEPRECATED_OBJC_IMPLEMENTATIONS = YES;
				CLANG_WARN_DIRECT_OBJC_ISA_USAGE = YES_ERROR;
				CLANG_WARN_DOCUMENTATION_COMMENTS = YES;
				CLANG_WARN_EMPTY_BODY = YES;
				CLANG_WARN_ENUM_CONVERSION = YES;
				CLANG_WARN_INFINITE_RECURSION = YES;
				CLANG_WARN_INT_CONVERSION = YES;
				CLANG_WARN_NON_LITERAL_NULL_CONVERSION = YES;
				CLANG_WARN_OBJC_IMPLICIT_RETAIN_SELF = YES;
				CLANG_WARN_OBJC_LITERAL_CONVERSION = YES;
				CLANG_WARN_OBJC_ROOT_CLASS = YES_ERROR;
				CLANG_WARN_QUOTED_INCLUDE_IN_FRAMEWORK_HEADER = YES;
				CLANG_WARN_RANGE_LOOP_ANALYSIS = YES;
				CLANG_WARN_STRICT_PROTOTYPES = YES;
				CLANG_WARN_SUSPICIOUS_MOVE = YES;
				CLANG_WARN_UNGUARDED_AVAILABILITY = YES_AGGRESSIVE;
				CLANG_WARN_UNREACHABLE_CODE = YES;
				CLANG_WARN__DUPLICATE_METHOD_MATCH = YES;
				COPY_PHASE_STRIP = NO;
				DEBUG_INFORMATION_FORMAT = "dwarf-with-dsym";
				ENABLE_NS_ASSERTIONS = NO;
				ENABLE_STRICT_OBJC_MSGSEND = YES;
				GCC_C_LANGUAGE_STANDARD = gnu11;
				GCC_NO_COMMON_BLOCKS = YES;
				GCC_WARN_64_TO_32_BIT_CONVERSION = YES;
				GCC_WARN_ABOUT_RETURN_TYPE = YES_ERROR;
				GCC_WARN_UNDECLARED_SELECTOR = YES;
				GCC_WARN_UNINITIALIZED_AUTOS = YES_AGGRESSIVE;
				GCC_WARN_UNUSED_FUNCTION = YES;
				GCC_WARN_UNUSED_VARIABLE = YES;
				IPHONEOS_DEPLOYMENT_TARGET = 16.2;
				MTL_ENABLE_DEBUG_INFO = NO;
				MTL_FAST_MATH = YES;
				SDKROOT = iphoneos;
				SWIFT_COMPILATION_MODE = wholemodule;
				SWIFT_OPTIMIZATION_LEVEL = "-O";
				VALIDATE_PRODUCT = YES;
			};
			name = Release;
		};
		B0249DCD29A4F8FC000E5AD3 /* Debug */ = {
			isa = XCBuildConfiguration;
			buildSettings = {
				ASSETCATALOG_COMPILER_APPICON_NAME = AppIcon;
				ASSETCATALOG_COMPILER_GLOBAL_ACCENT_COLOR_NAME = AccentColor;
				CODE_SIGN_STYLE = Automatic;
				CURRENT_PROJECT_VERSION = 1;
				DEVELOPMENT_ASSET_PATHS = "\"ARKit-App/Preview Content\"";
				DEVELOPMENT_TEAM = WL278AW69J;
				ENABLE_PREVIEWS = YES;
				GENERATE_INFOPLIST_FILE = YES;
				INFOPLIST_KEY_NSCameraUsageDescription = "Camera access is needed to show AR View";
				INFOPLIST_KEY_UIApplicationSceneManifest_Generation = YES;
				INFOPLIST_KEY_UIApplicationSupportsIndirectInputEvents = YES;
				INFOPLIST_KEY_UILaunchScreen_Generation = YES;
				INFOPLIST_KEY_UISupportedInterfaceOrientations_iPad = "UIInterfaceOrientationPortrait UIInterfaceOrientationPortraitUpsideDown UIInterfaceOrientationLandscapeLeft UIInterfaceOrientationLandscapeRight";
				INFOPLIST_KEY_UISupportedInterfaceOrientations_iPhone = "UIInterfaceOrientationPortrait UIInterfaceOrientationLandscapeLeft UIInterfaceOrientationLandscapeRight";
				IPHONEOS_DEPLOYMENT_TARGET = 15.0;
				LD_RUNPATH_SEARCH_PATHS = (
					"$(inherited)",
					"@executable_path/Frameworks",
				);
				MARKETING_VERSION = 1.0;
				PRODUCT_BUNDLE_IDENTIFIER = "daulet.ARKit-App";
				PRODUCT_NAME = "$(TARGET_NAME)";
				SWIFT_EMIT_LOC_STRINGS = YES;
				SWIFT_VERSION = 5.0;
				TARGETED_DEVICE_FAMILY = "1,2";
			};
			name = Debug;
		};
		B0249DCE29A4F8FC000E5AD3 /* Release */ = {
			isa = XCBuildConfiguration;
			buildSettings = {
				ASSETCATALOG_COMPILER_APPICON_NAME = AppIcon;
				ASSETCATALOG_COMPILER_GLOBAL_ACCENT_COLOR_NAME = AccentColor;
				CODE_SIGN_STYLE = Automatic;
				CURRENT_PROJECT_VERSION = 1;
				DEVELOPMENT_ASSET_PATHS = "\"ARKit-App/Preview Content\"";
				DEVELOPMENT_TEAM = WL278AW69J;
				ENABLE_PREVIEWS = YES;
				GENERATE_INFOPLIST_FILE = YES;
				INFOPLIST_KEY_NSCameraUsageDescription = "Camera access is needed to show AR View";
				INFOPLIST_KEY_UIApplicationSceneManifest_Generation = YES;
				INFOPLIST_KEY_UIApplicationSupportsIndirectInputEvents = YES;
				INFOPLIST_KEY_UILaunchScreen_Generation = YES;
				INFOPLIST_KEY_UISupportedInterfaceOrientations_iPad = "UIInterfaceOrientationPortrait UIInterfaceOrientationPortraitUpsideDown UIInterfaceOrientationLandscapeLeft UIInterfaceOrientationLandscapeRight";
				INFOPLIST_KEY_UISupportedInterfaceOrientations_iPhone = "UIInterfaceOrientationPortrait UIInterfaceOrientationLandscapeLeft UIInterfaceOrientationLandscapeRight";
				IPHONEOS_DEPLOYMENT_TARGET = 15.0;
				LD_RUNPATH_SEARCH_PATHS = (
					"$(inherited)",
					"@executable_path/Frameworks",
				);
				MARKETING_VERSION = 1.0;
				PRODUCT_BUNDLE_IDENTIFIER = "daulet.ARKit-App";
				PRODUCT_NAME = "$(TARGET_NAME)";
				SWIFT_EMIT_LOC_STRINGS = YES;
				SWIFT_VERSION = 5.0;
				TARGETED_DEVICE_FAMILY = "1,2";
			};
			name = Release;
		};
/* End XCBuildConfiguration section */

/* Begin XCConfigurationList section */
		B0249DB929A4F8F8000E5AD3 /* Build configuration list for PBXProject "ARKit-App" */ = {
			isa = XCConfigurationList;
			buildConfigurations = (
				B0249DCA29A4F8FC000E5AD3 /* Debug */,
				B0249DCB29A4F8FC000E5AD3 /* Release */,
			);
			defaultConfigurationIsVisible = 0;
			defaultConfigurationName = Release;
		};
		B0249DCC29A4F8FC000E5AD3 /* Build configuration list for PBXNativeTarget "ARKit-App" */ = {
			isa = XCConfigurationList;
			buildConfigurations = (
				B0249DCD29A4F8FC000E5AD3 /* Debug */,
				B0249DCE29A4F8FC000E5AD3 /* Release */,
			);
			defaultConfigurationIsVisible = 0;
			defaultConfigurationName = Release;
		};
/* End XCConfigurationList section */
	};
	rootObject = B0249DB629A4F8F8000E5AD3 /* Project object */;
}
